
Microsoft Visual Studio Solution File, Format Version 12.00
# Visual Studio Version 17
VisualStudioVersion = 17.12.35707.178 d17.12
MinimumVisualStudioVersion = 10.0.40219.1
Project("{FAE04EC0-301F-11D3-BF4B-00C04F79EFBC}") = "SlotMachine", "SlotMachine\SlotMachine.csproj", "{C0091718-0751-452D-B1AF-0A663E3F8726}"
EndProject
Global
	GlobalSection(SolutionConfigurationPlatforms) = preSolution
		Debug|Any CPU = Debug|Any CPU
		Release|Any CPU = Release|Any CPU
	EndGlobalSection
	GlobalSection(ProjectConfigurationPlatforms) = postSolution
		{C0091718-0751-452D-B1AF-0A663E3F8726}.Debug|Any CPU.ActiveCfg = Debug|Any CPU
		{C0091718-0751-452D-B1AF-0A663E3F8726}.Debug|Any CPU.Build.0 = Debug|Any CPU
		{C0091718-0751-452D-B1AF-0A663E3F8726}.Release|Any CPU.ActiveCfg = Release|Any CPU
		{C0091718-0751-452D-B1AF-0A663E3F8726}.Release|Any CPU.Build.0 = Release|Any CPU
	EndGlobalSection
	GlobalSection(SolutionProperties) = preSolution
		HideSolutionNode = FALSE
	EndGlobalSection
EndGlobal
